PODS:
  - KDTree (0.2.2)
  - Nimble (5.1.1)
  - Quick (0.10.0)
  - XCGLogger (4.0.0):
    - XCGLogger/Core (= 4.0.0)
  - XCGLogger/Core (4.0.0)

DEPENDENCIES:
  - KDTree (from `../`)
  - Nimble (~> 5.1.1)
  - Quick (~> 0.10.0)
  - XCGLogger (~> 4.0.0)

EXTERNAL SOURCES:
  KDTree:
    :path: "../"

SPEC CHECKSUMS:
  KDTree: 233db66a659ada28a985f1196c193c6f6283a1d4
  Nimble: 415e3aa3267e7bc2c96b05fa814ddea7bb686a29
  Quick: 5d290df1c69d5ee2f0729956dcf0fd9a30447eaa
  XCGLogger: 38063ea89b4c8b23232d18efd2e12eb0005f3ea4

PODFILE CHECKSUM: 0a05368f05a519f3e66fb7926cee523582d636c4

COCOAPODS: 1.1.1
