PODS:
  - KDTree (0.1.2)
  - XCGLogger (4.0.0):
    - XCGLogger/Core (= 4.0.0)
  - XCGLogger/Core (4.0.0)

DEPENDENCIES:
  - KDTree (from `../`)
  - XCGLogger (~> 4.0.0)

EXTERNAL SOURCES:
  KDTree:
    :path: "../"

SPEC CHECKSUMS:
  KDTree: 823744f274e9770e990dbb8f14ede7b08dbe879b
  XCGLogger: 38063ea89b4c8b23232d18efd2e12eb0005f3ea4

PODFILE CHECKSUM: d6896ebdbbed6bd41fd9cca364e7a0ca9f2a442c

COCOAPODS: 1.0.1
