PODS:
  - KDTree (0.1.1)
  - Nimble (3.2.0)
  - Quick (0.9.1)
  - XCGLogger (3.3)

DEPENDENCIES:
  - KDTree (from `../`)
  - Nimble (~> 3.0)
  - Quick (~> 0.8)
  - XCGLogger (~> 3.3)

EXTERNAL SOURCES:
  KDTree:
    :path: "../"

SPEC CHECKSUMS:
  KDTree: 9583682c6e14167b775ff4a65636d56260ece6fa
  Nimble: 703854335d181df169bbca9c97117b5cf8c47c1d
  Quick: a5221fc21788b6aeda934805e68b061839bc3165
  XCGLogger: d6e196e78940ff6daab17d6917107876f973fa31

COCOAPODS: 0.39.0
