// !$*UTF8*$!
{
	archiveVersion = 1;
	classes = {
	};
	objectVersion = 46;
	objects = {

/* Begin PBXBuildFile section */
		0DA3D00F1E28BA95FD7F2814 /* Pods_KDTree_OSX_ExampleTests.framework in Frameworks */ = {isa = PBXBuildFile; fileRef = FFDC6EA703366953D871D8E0 /* Pods_KDTree_OSX_ExampleTests.framework */; };
		4C8A515B06C21AF9F52134B8 /* Pods_KDTree_OSX_Example.framework in Frameworks */ = {isa = PBXBuildFile; fileRef = 28B1E203614C8BD2AB46541A /* Pods_KDTree_OSX_Example.framework */; };
		585DC16A2BBFDB8812DEB9D5 /* Pods_KDTree_Tests.framework in Frameworks */ = {isa = PBXBuildFile; fileRef = FDD3B0DAAB7F78960FBF4F57 /* Pods_KDTree_Tests.framework */; };
		607FACD61AFB9204008FA782 /* AppDelegate.swift in Sources */ = {isa = PBXBuildFile; fileRef = 607FACD51AFB9204008FA782 /* AppDelegate.swift */; };
		607FACD81AFB9204008FA782 /* ViewController.swift in Sources */ = {isa = PBXBuildFile; fileRef = 607FACD71AFB9204008FA782 /* ViewController.swift */; };
		607FACDB1AFB9204008FA782 /* Main.storyboard in Resources */ = {isa = PBXBuildFile; fileRef = 607FACD91AFB9204008FA782 /* Main.storyboard */; };
		607FACDD1AFB9204008FA782 /* Images.xcassets in Resources */ = {isa = PBXBuildFile; fileRef = 607FACDC1AFB9204008FA782 /* Images.xcassets */; };
		607FACE01AFB9204008FA782 /* LaunchScreen.xib in Resources */ = {isa = PBXBuildFile; fileRef = 607FACDE1AFB9204008FA782 /* LaunchScreen.xib */; };
		625C588CBC2FC139B0E93182 /* Pods_KDTree_Example.framework in Frameworks */ = {isa = PBXBuildFile; fileRef = DC603E910B33686BF88B277F /* Pods_KDTree_Example.framework */; };
		7130CA7A1F52DE4200A46AD1 /* CodableTests.swift in Sources */ = {isa = PBXBuildFile; fileRef = 716D540B1F517E5E0079A809 /* CodableTests.swift */; };
		713204B51CD949EE001A1F44 /* TestHelpers.swift in Sources */ = {isa = PBXBuildFile; fileRef = 713204B41CD949EE001A1F44 /* TestHelpers.swift */; };
		713204B61CD949EE001A1F44 /* TestHelpers.swift in Sources */ = {isa = PBXBuildFile; fileRef = 713204B41CD949EE001A1F44 /* TestHelpers.swift */; };
		713204B71CD94BBC001A1F44 /* FillWithFormsView.swift in Sources */ = {isa = PBXBuildFile; fileRef = 71BB4C891CB12B9400CB19A6 /* FillWithFormsView.swift */; };
		713204B81CD94CEA001A1F44 /* Disc.swift in Sources */ = {isa = PBXBuildFile; fileRef = 71BB4C8D1CB1468100CB19A6 /* Disc.swift */; };
		713204BE1CD94F11001A1F44 /* Geometry.swift in Sources */ = {isa = PBXBuildFile; fileRef = 716B72011CAF25B100A35BB6 /* Geometry.swift */; };
		716B71FE1CAEFC3500A35BB6 /* IllustrationView.swift in Sources */ = {isa = PBXBuildFile; fileRef = 716B71FD1CAEFC3500A35BB6 /* IllustrationView.swift */; };
		716B72001CAF1E5C00A35BB6 /* IllustrationViewController.swift in Sources */ = {isa = PBXBuildFile; fileRef = 716B71FF1CAF1E5C00A35BB6 /* IllustrationViewController.swift */; };
		716B72021CAF25B100A35BB6 /* Geometry.swift in Sources */ = {isa = PBXBuildFile; fileRef = 716B72011CAF25B100A35BB6 /* Geometry.swift */; };
		717A226D1FCDCFAA0087CC2B /* AllPointsinRadiusTests.swift in Sources */ = {isa = PBXBuildFile; fileRef = 717A226B1FCDCEF20087CC2B /* AllPointsinRadiusTests.swift */; };
		717EB8A11F4D8AE6006B964E /* GridTest.swift in Sources */ = {isa = PBXBuildFile; fileRef = 717EB89F1F4D8A9C006B964E /* GridTest.swift */; };
		7186FE811D99D6B500D8F292 /* NearestNeighbourTests.swift in Sources */ = {isa = PBXBuildFile; fileRef = 71C2077A1CA9C9C2009C9551 /* NearestNeighbourTests.swift */; };
		7186FE831D99D99B00D8F292 /* BasicTests.swift in Sources */ = {isa = PBXBuildFile; fileRef = 607FACEB1AFB9204008FA782 /* BasicTests.swift */; };
		7186FE851D99DBBF00D8F292 /* RangeSearchTests.swift in Sources */ = {isa = PBXBuildFile; fileRef = 712EDA7A1CB5A4DE001F32F3 /* RangeSearchTests.swift */; };
		7186FE861D99DF0A00D8F292 /* LoadTest.swift in Sources */ = {isa = PBXBuildFile; fileRef = 74887EFB1CABC258002AECF6 /* LoadTest.swift */; };
		719CEFAD1E81B8AC00A09A3F /* StarMapViewController.swift in Sources */ = {isa = PBXBuildFile; fileRef = 719CEFAC1E81B8AC00A09A3F /* StarMapViewController.swift */; };
		71BB4C8A1CB12B9400CB19A6 /* FillWithFormsView.swift in Sources */ = {isa = PBXBuildFile; fileRef = 71BB4C891CB12B9400CB19A6 /* FillWithFormsView.swift */; };
		71BB4C8C1CB12DC800CB19A6 /* TesselationViewController.swift in Sources */ = {isa = PBXBuildFile; fileRef = 71BB4C8B1CB12DC800CB19A6 /* TesselationViewController.swift */; };
		71BB4C8E1CB1468100CB19A6 /* Disc.swift in Sources */ = {isa = PBXBuildFile; fileRef = 71BB4C8D1CB1468100CB19A6 /* Disc.swift */; };
		71BB4C921CB18F9500CB19A6 /* Square.swift in Sources */ = {isa = PBXBuildFile; fileRef = 71BB4C911CB18F9500CB19A6 /* Square.swift */; };
		71C1B4631CD946BF005436C3 /* AppDelegate.swift in Sources */ = {isa = PBXBuildFile; fileRef = 71C1B4621CD946BF005436C3 /* AppDelegate.swift */; };
		71C1B4651CD946BF005436C3 /* ViewController.swift in Sources */ = {isa = PBXBuildFile; fileRef = 71C1B4641CD946BF005436C3 /* ViewController.swift */; };
		71C1B4671CD946BF005436C3 /* Assets.xcassets in Resources */ = {isa = PBXBuildFile; fileRef = 71C1B4661CD946BF005436C3 /* Assets.xcassets */; };
		71C1B46A1CD946BF005436C3 /* Main.storyboard in Resources */ = {isa = PBXBuildFile; fileRef = 71C1B4681CD946BF005436C3 /* Main.storyboard */; };
		71C1B4751CD946BF005436C3 /* KDTree_OSX_ExampleTests.swift in Sources */ = {isa = PBXBuildFile; fileRef = 71C1B4741CD946BF005436C3 /* KDTree_OSX_ExampleTests.swift */; };
		71C74C881E884CEC0057B4F2 /* StarMapView.swift in Sources */ = {isa = PBXBuildFile; fileRef = 71C74C871E884CEC0057B4F2 /* StarMapView.swift */; };
		740150FC1E9AA34200F0F4DA /* PerformanceTests.swift in Sources */ = {isa = PBXBuildFile; fileRef = 740150FA1E9A92C600F0F4DA /* PerformanceTests.swift */; };
		7419AE4B1F66F4A9004E8248 /* Star+KDTreePoint.swift in Sources */ = {isa = PBXBuildFile; fileRef = 7419AE4A1F66F49B004E8248 /* Star+KDTreePoint.swift */; };
		7419AE4C1F66F4AA004E8248 /* Star+KDTreePoint.swift in Sources */ = {isa = PBXBuildFile; fileRef = 7419AE4A1F66F49B004E8248 /* Star+KDTreePoint.swift */; };
		7446914C1E8A86F60040A093 /* StarViewController.swift in Sources */ = {isa = PBXBuildFile; fileRef = 7446914B1E8A86F60040A093 /* StarViewController.swift */; };
		7446914D1E8A87020040A093 /* StarMapView.swift in Sources */ = {isa = PBXBuildFile; fileRef = 71C74C871E884CEC0057B4F2 /* StarMapView.swift */; };
		744691531E8A9B580040A093 /* WindowController.swift in Sources */ = {isa = PBXBuildFile; fileRef = 744691521E8A9B580040A093 /* WindowController.swift */; };
		744691561E8AA50D0040A093 /* StarHelper.swift in Sources */ = {isa = PBXBuildFile; fileRef = 744691551E8AA50D0040A093 /* StarHelper.swift */; };
		744691571E8AA50D0040A093 /* StarHelper.swift in Sources */ = {isa = PBXBuildFile; fileRef = 744691551E8AA50D0040A093 /* StarHelper.swift */; };
		7475A3151E9AD2C4000CA993 /* AlgorithmViewController.swift in Sources */ = {isa = PBXBuildFile; fileRef = 7475A3141E9AD2C4000CA993 /* AlgorithmViewController.swift */; };
		747E3C3E1F6B0E9F007DF4CC /* visibleStars.plist in Resources */ = {isa = PBXBuildFile; fileRef = 747E3C3D1F6B0E9A007DF4CC /* visibleStars.plist */; };
		747E3C3F1F6B0EA0007DF4CC /* visibleStars.plist in Resources */ = {isa = PBXBuildFile; fileRef = 747E3C3D1F6B0E9A007DF4CC /* visibleStars.plist */; };
		74B9DA141F69CF4700C9DCE0 /* visibleStars.csv in Resources */ = {isa = PBXBuildFile; fileRef = 74B9DA121F69CF3A00C9DCE0 /* visibleStars.csv */; };
		74B9DA151F69CF4800C9DCE0 /* visibleStars.csv in Resources */ = {isa = PBXBuildFile; fileRef = 74B9DA121F69CF3A00C9DCE0 /* visibleStars.csv */; };
		74B9DA161F69CF4B00C9DCE0 /* allStars.csv in Resources */ = {isa = PBXBuildFile; fileRef = 74B9DA131F69CF4500C9DCE0 /* allStars.csv */; };
		74B9DA171F69CF4B00C9DCE0 /* allStars.csv in Resources */ = {isa = PBXBuildFile; fileRef = 74B9DA131F69CF4500C9DCE0 /* allStars.csv */; };
/* End PBXBuildFile section */

/* Begin PBXContainerItemProxy section */
		607FACE61AFB9204008FA782 /* PBXContainerItemProxy */ = {
			isa = PBXContainerItemProxy;
			containerPortal = 607FACC81AFB9204008FA782 /* Project object */;
			proxyType = 1;
			remoteGlobalIDString = 607FACCF1AFB9204008FA782;
			remoteInfo = KDTree;
		};
		71C1B4711CD946BF005436C3 /* PBXContainerItemProxy */ = {
			isa = PBXContainerItemProxy;
			containerPortal = 607FACC81AFB9204008FA782 /* Project object */;
			proxyType = 1;
			remoteGlobalIDString = 71C1B45F1CD946BF005436C3;
			remoteInfo = KDTree_OSX_Example;
		};
/* End PBXContainerItemProxy section */

/* Begin PBXFileReference section */
		28B1E203614C8BD2AB46541A /* Pods_KDTree_OSX_Example.framework */ = {isa = PBXFileReference; explicitFileType = wrapper.framework; includeInIndex = 0; path = Pods_KDTree_OSX_Example.framework; sourceTree = BUILT_PRODUCTS_DIR; };
		49E6BEB256637DEA593F5DF6 /* Pods-KDTree_OSX_Example.release.xcconfig */ = {isa = PBXFileReference; includeInIndex = 1; lastKnownFileType = text.xcconfig; name = "Pods-KDTree_OSX_Example.release.xcconfig"; path = "Pods/Target Support Files/Pods-KDTree_OSX_Example/Pods-KDTree_OSX_Example.release.xcconfig"; sourceTree = "<group>"; };
		607FACD01AFB9204008FA782 /* KDTree_Example.app */ = {isa = PBXFileReference; explicitFileType = wrapper.application; includeInIndex = 0; path = KDTree_Example.app; sourceTree = BUILT_PRODUCTS_DIR; };
		607FACD41AFB9204008FA782 /* Info.plist */ = {isa = PBXFileReference; lastKnownFileType = text.plist.xml; path = Info.plist; sourceTree = "<group>"; };
		607FACD51AFB9204008FA782 /* AppDelegate.swift */ = {isa = PBXFileReference; lastKnownFileType = sourcecode.swift; path = AppDelegate.swift; sourceTree = "<group>"; };
		607FACD71AFB9204008FA782 /* ViewController.swift */ = {isa = PBXFileReference; lastKnownFileType = sourcecode.swift; path = ViewController.swift; sourceTree = "<group>"; };
		607FACDA1AFB9204008FA782 /* Base */ = {isa = PBXFileReference; lastKnownFileType = file.storyboard; name = Base; path = Base.lproj/Main.storyboard; sourceTree = "<group>"; };
		607FACDC1AFB9204008FA782 /* Images.xcassets */ = {isa = PBXFileReference; lastKnownFileType = folder.assetcatalog; path = Images.xcassets; sourceTree = "<group>"; };
		607FACDF1AFB9204008FA782 /* Base */ = {isa = PBXFileReference; lastKnownFileType = file.xib; name = Base; path = Base.lproj/LaunchScreen.xib; sourceTree = "<group>"; };
		607FACE51AFB9204008FA782 /* KDTree_Tests.xctest */ = {isa = PBXFileReference; explicitFileType = wrapper.cfbundle; includeInIndex = 0; path = KDTree_Tests.xctest; sourceTree = BUILT_PRODUCTS_DIR; };
		607FACEA1AFB9204008FA782 /* Info.plist */ = {isa = PBXFileReference; lastKnownFileType = text.plist.xml; path = Info.plist; sourceTree = "<group>"; };
		607FACEB1AFB9204008FA782 /* BasicTests.swift */ = {isa = PBXFileReference; lastKnownFileType = sourcecode.swift; path = BasicTests.swift; sourceTree = "<group>"; };
		71143BB3206FF19500D4E50E /* .swiftlint.yml */ = {isa = PBXFileReference; fileEncoding = 4; lastKnownFileType = text; path = .swiftlint.yml; sourceTree = "<group>"; };
		712EDA7A1CB5A4DE001F32F3 /* RangeSearchTests.swift */ = {isa = PBXFileReference; fileEncoding = 4; lastKnownFileType = sourcecode.swift; path = RangeSearchTests.swift; sourceTree = "<group>"; };
		713204B41CD949EE001A1F44 /* TestHelpers.swift */ = {isa = PBXFileReference; fileEncoding = 4; lastKnownFileType = sourcecode.swift; path = TestHelpers.swift; sourceTree = "<group>"; };
		715C05591FB9CD8D00103836 /* LinuxMain.swift */ = {isa = PBXFileReference; lastKnownFileType = sourcecode.swift; name = LinuxMain.swift; path = ../../Tests/LinuxMain.swift; sourceTree = "<group>"; };
		715C055A1FB9CE8000103836 /* KDTreeTests.swift */ = {isa = PBXFileReference; lastKnownFileType = sourcecode.swift; name = KDTreeTests.swift; path = ../../Tests/KDTreeTests/KDTreeTests.swift; sourceTree = "<group>"; };
		716B71FD1CAEFC3500A35BB6 /* IllustrationView.swift */ = {isa = PBXFileReference; fileEncoding = 4; lastKnownFileType = sourcecode.swift; path = IllustrationView.swift; sourceTree = "<group>"; };
		716B71FF1CAF1E5C00A35BB6 /* IllustrationViewController.swift */ = {isa = PBXFileReference; fileEncoding = 4; lastKnownFileType = sourcecode.swift; path = IllustrationViewController.swift; sourceTree = "<group>"; };
		716B72011CAF25B100A35BB6 /* Geometry.swift */ = {isa = PBXFileReference; fileEncoding = 4; lastKnownFileType = sourcecode.swift; path = Geometry.swift; sourceTree = "<group>"; };
		716D540B1F517E5E0079A809 /* CodableTests.swift */ = {isa = PBXFileReference; lastKnownFileType = sourcecode.swift; path = CodableTests.swift; sourceTree = "<group>"; };
		717A226B1FCDCEF20087CC2B /* AllPointsinRadiusTests.swift */ = {isa = PBXFileReference; lastKnownFileType = sourcecode.swift; path = AllPointsinRadiusTests.swift; sourceTree = "<group>"; };
		717EB89E1F4D8665006B964E /* KDTreePlayground.playground */ = {isa = PBXFileReference; lastKnownFileType = file.playground; path = KDTreePlayground.playground; sourceTree = "<group>"; xcLanguageSpecificationIdentifier = xcode.lang.swift; };
		717EB89F1F4D8A9C006B964E /* GridTest.swift */ = {isa = PBXFileReference; fileEncoding = 4; lastKnownFileType = sourcecode.swift; path = GridTest.swift; sourceTree = "<group>"; };
		7189757F1F6F310300264E02 /* .travis.yml */ = {isa = PBXFileReference; lastKnownFileType = text; name = .travis.yml; path = ../.travis.yml; sourceTree = "<group>"; };
		719CEFAC1E81B8AC00A09A3F /* StarMapViewController.swift */ = {isa = PBXFileReference; fileEncoding = 4; lastKnownFileType = sourcecode.swift; path = StarMapViewController.swift; sourceTree = "<group>"; };
		71A6F2C11F77B0E2001FE74C /* Package.swift */ = {isa = PBXFileReference; lastKnownFileType = sourcecode.swift; name = Package.swift; path = ../Package.swift; sourceTree = "<group>"; };
		71BB4C891CB12B9400CB19A6 /* FillWithFormsView.swift */ = {isa = PBXFileReference; fileEncoding = 4; lastKnownFileType = sourcecode.swift; path = FillWithFormsView.swift; sourceTree = "<group>"; };
		71BB4C8B1CB12DC800CB19A6 /* TesselationViewController.swift */ = {isa = PBXFileReference; fileEncoding = 4; lastKnownFileType = sourcecode.swift; path = TesselationViewController.swift; sourceTree = "<group>"; };
		71BB4C8D1CB1468100CB19A6 /* Disc.swift */ = {isa = PBXFileReference; fileEncoding = 4; lastKnownFileType = sourcecode.swift; path = Disc.swift; sourceTree = "<group>"; };
		71BB4C911CB18F9500CB19A6 /* Square.swift */ = {isa = PBXFileReference; fileEncoding = 4; lastKnownFileType = sourcecode.swift; path = Square.swift; sourceTree = "<group>"; };
		71C1B4601CD946BF005436C3 /* KDTree_OSX_Example.app */ = {isa = PBXFileReference; explicitFileType = wrapper.application; includeInIndex = 0; path = KDTree_OSX_Example.app; sourceTree = BUILT_PRODUCTS_DIR; };
		71C1B4621CD946BF005436C3 /* AppDelegate.swift */ = {isa = PBXFileReference; lastKnownFileType = sourcecode.swift; path = AppDelegate.swift; sourceTree = "<group>"; };
		71C1B4641CD946BF005436C3 /* ViewController.swift */ = {isa = PBXFileReference; lastKnownFileType = sourcecode.swift; path = ViewController.swift; sourceTree = "<group>"; };
		71C1B4661CD946BF005436C3 /* Assets.xcassets */ = {isa = PBXFileReference; lastKnownFileType = folder.assetcatalog; path = Assets.xcassets; sourceTree = "<group>"; };
		71C1B4691CD946BF005436C3 /* Base */ = {isa = PBXFileReference; lastKnownFileType = file.storyboard; name = Base; path = Base.lproj/Main.storyboard; sourceTree = "<group>"; };
		71C1B46B1CD946BF005436C3 /* Info.plist */ = {isa = PBXFileReference; lastKnownFileType = text.plist.xml; path = Info.plist; sourceTree = "<group>"; };
		71C1B4701CD946BF005436C3 /* KDTree_OSX_ExampleTests.xctest */ = {isa = PBXFileReference; explicitFileType = wrapper.cfbundle; includeInIndex = 0; path = KDTree_OSX_ExampleTests.xctest; sourceTree = BUILT_PRODUCTS_DIR; };
		71C1B4741CD946BF005436C3 /* KDTree_OSX_ExampleTests.swift */ = {isa = PBXFileReference; lastKnownFileType = sourcecode.swift; path = KDTree_OSX_ExampleTests.swift; sourceTree = "<group>"; };
		71C1B4761CD946BF005436C3 /* Info.plist */ = {isa = PBXFileReference; lastKnownFileType = text.plist.xml; path = Info.plist; sourceTree = "<group>"; };
		71C2077A1CA9C9C2009C9551 /* NearestNeighbourTests.swift */ = {isa = PBXFileReference; fileEncoding = 4; lastKnownFileType = sourcecode.swift; path = NearestNeighbourTests.swift; sourceTree = "<group>"; };
		71C74C871E884CEC0057B4F2 /* StarMapView.swift */ = {isa = PBXFileReference; fileEncoding = 4; lastKnownFileType = sourcecode.swift; path = StarMapView.swift; sourceTree = "<group>"; };
		740150FA1E9A92C600F0F4DA /* PerformanceTests.swift */ = {isa = PBXFileReference; fileEncoding = 4; lastKnownFileType = sourcecode.swift; path = PerformanceTests.swift; sourceTree = "<group>"; };
		7419AE4A1F66F49B004E8248 /* Star+KDTreePoint.swift */ = {isa = PBXFileReference; lastKnownFileType = sourcecode.swift; path = "Star+KDTreePoint.swift"; sourceTree = "<group>"; };
		7446914B1E8A86F60040A093 /* StarViewController.swift */ = {isa = PBXFileReference; fileEncoding = 4; lastKnownFileType = sourcecode.swift; path = StarViewController.swift; sourceTree = "<group>"; };
		744691521E8A9B580040A093 /* WindowController.swift */ = {isa = PBXFileReference; fileEncoding = 4; lastKnownFileType = sourcecode.swift; path = WindowController.swift; sourceTree = "<group>"; };
		744691551E8AA50D0040A093 /* StarHelper.swift */ = {isa = PBXFileReference; fileEncoding = 4; lastKnownFileType = sourcecode.swift; path = StarHelper.swift; sourceTree = "<group>"; };
		7475A3141E9AD2C4000CA993 /* AlgorithmViewController.swift */ = {isa = PBXFileReference; fileEncoding = 4; lastKnownFileType = sourcecode.swift; path = AlgorithmViewController.swift; sourceTree = "<group>"; };
		747E3C3D1F6B0E9A007DF4CC /* visibleStars.plist */ = {isa = PBXFileReference; lastKnownFileType = file.bplist; path = visibleStars.plist; sourceTree = "<group>"; };
		74887EFB1CABC258002AECF6 /* LoadTest.swift */ = {isa = PBXFileReference; fileEncoding = 4; lastKnownFileType = sourcecode.swift; path = LoadTest.swift; sourceTree = "<group>"; };
		74B9DA121F69CF3A00C9DCE0 /* visibleStars.csv */ = {isa = PBXFileReference; lastKnownFileType = text; path = visibleStars.csv; sourceTree = "<group>"; };
		74B9DA131F69CF4500C9DCE0 /* allStars.csv */ = {isa = PBXFileReference; lastKnownFileType = text; path = allStars.csv; sourceTree = "<group>"; };
		7C2B43EA9C12FFEB9A9CD3C6 /* README.md */ = {isa = PBXFileReference; includeInIndex = 1; lastKnownFileType = net.daringfireball.markdown; name = README.md; path = ../README.md; sourceTree = "<group>"; };
		8506A4C5702448A3C135B8E7 /* KDTree.podspec */ = {isa = PBXFileReference; includeInIndex = 1; lastKnownFileType = text; name = KDTree.podspec; path = ../KDTree.podspec; sourceTree = "<group>"; };
		90C698D9647F2FA603B9E5A9 /* Pods-KDTree_OSX_Example.debug.xcconfig */ = {isa = PBXFileReference; includeInIndex = 1; lastKnownFileType = text.xcconfig; name = "Pods-KDTree_OSX_Example.debug.xcconfig"; path = "Pods/Target Support Files/Pods-KDTree_OSX_Example/Pods-KDTree_OSX_Example.debug.xcconfig"; sourceTree = "<group>"; };
		9AF9F2C658DF6E488E4461D6 /* Pods-KDTree_Example.debug.xcconfig */ = {isa = PBXFileReference; includeInIndex = 1; lastKnownFileType = text.xcconfig; name = "Pods-KDTree_Example.debug.xcconfig"; path = "Pods/Target Support Files/Pods-KDTree_Example/Pods-KDTree_Example.debug.xcconfig"; sourceTree = "<group>"; };
		C21662931D2AD0332A01BA1B /* Pods-KDTree_Example.release.xcconfig */ = {isa = PBXFileReference; includeInIndex = 1; lastKnownFileType = text.xcconfig; name = "Pods-KDTree_Example.release.xcconfig"; path = "Pods/Target Support Files/Pods-KDTree_Example/Pods-KDTree_Example.release.xcconfig"; sourceTree = "<group>"; };
		C65221F04F9484F8E3E25A68 /* Pods-KDTree_Tests.release.xcconfig */ = {isa = PBXFileReference; includeInIndex = 1; lastKnownFileType = text.xcconfig; name = "Pods-KDTree_Tests.release.xcconfig"; path = "Pods/Target Support Files/Pods-KDTree_Tests/Pods-KDTree_Tests.release.xcconfig"; sourceTree = "<group>"; };
		CA9AFCB856DDD567CE693E74 /* Pods-KDTree_Tests.debug.xcconfig */ = {isa = PBXFileReference; includeInIndex = 1; lastKnownFileType = text.xcconfig; name = "Pods-KDTree_Tests.debug.xcconfig"; path = "Pods/Target Support Files/Pods-KDTree_Tests/Pods-KDTree_Tests.debug.xcconfig"; sourceTree = "<group>"; };
		D25A52DFB11E96373D87BD47 /* Pods-KDTree_OSX_ExampleTests.debug.xcconfig */ = {isa = PBXFileReference; includeInIndex = 1; lastKnownFileType = text.xcconfig; name = "Pods-KDTree_OSX_ExampleTests.debug.xcconfig"; path = "Pods/Target Support Files/Pods-KDTree_OSX_ExampleTests/Pods-KDTree_OSX_ExampleTests.debug.xcconfig"; sourceTree = "<group>"; };
		DC603E910B33686BF88B277F /* Pods_KDTree_Example.framework */ = {isa = PBXFileReference; explicitFileType = wrapper.framework; includeInIndex = 0; path = Pods_KDTree_Example.framework; sourceTree = BUILT_PRODUCTS_DIR; };
		EBAD2F8B727A2480766EA435 /* LICENSE */ = {isa = PBXFileReference; includeInIndex = 1; lastKnownFileType = text; name = LICENSE; path = ../LICENSE; sourceTree = "<group>"; };
		F0A8F65F153DF33183ABF7A0 /* Pods-KDTree_OSX_ExampleTests.release.xcconfig */ = {isa = PBXFileReference; includeInIndex = 1; lastKnownFileType = text.xcconfig; name = "Pods-KDTree_OSX_ExampleTests.release.xcconfig"; path = "Pods/Target Support Files/Pods-KDTree_OSX_ExampleTests/Pods-KDTree_OSX_ExampleTests.release.xcconfig"; sourceTree = "<group>"; };
		FDD3B0DAAB7F78960FBF4F57 /* Pods_KDTree_Tests.framework */ = {isa = PBXFileReference; explicitFileType = wrapper.framework; includeInIndex = 0; path = Pods_KDTree_Tests.framework; sourceTree = BUILT_PRODUCTS_DIR; };
		FFDC6EA703366953D871D8E0 /* Pods_KDTree_OSX_ExampleTests.framework */ = {isa = PBXFileReference; explicitFileType = wrapper.framework; includeInIndex = 0; path = Pods_KDTree_OSX_ExampleTests.framework; sourceTree = BUILT_PRODUCTS_DIR; };
/* End PBXFileReference section */

/* Begin PBXFrameworksBuildPhase section */
		607FACCD1AFB9204008FA782 /* Frameworks */ = {
			isa = PBXFrameworksBuildPhase;
			buildActionMask = 2147483647;
			files = (
				625C588CBC2FC139B0E93182 /* Pods_KDTree_Example.framework in Frameworks */,
			);
			runOnlyForDeploymentPostprocessing = 0;
		};
		607FACE21AFB9204008FA782 /* Frameworks */ = {
			isa = PBXFrameworksBuildPhase;
			buildActionMask = 2147483647;
			files = (
				585DC16A2BBFDB8812DEB9D5 /* Pods_KDTree_Tests.framework in Frameworks */,
			);
			runOnlyForDeploymentPostprocessing = 0;
		};
		71C1B45D1CD946BF005436C3 /* Frameworks */ = {
			isa = PBXFrameworksBuildPhase;
			buildActionMask = 2147483647;
			files = (
				4C8A515B06C21AF9F52134B8 /* Pods_KDTree_OSX_Example.framework in Frameworks */,
			);
			runOnlyForDeploymentPostprocessing = 0;
		};
		71C1B46D1CD946BF005436C3 /* Frameworks */ = {
			isa = PBXFrameworksBuildPhase;
			buildActionMask = 2147483647;
			files = (
				0DA3D00F1E28BA95FD7F2814 /* Pods_KDTree_OSX_ExampleTests.framework in Frameworks */,
			);
			runOnlyForDeploymentPostprocessing = 0;
		};
/* End PBXFrameworksBuildPhase section */

/* Begin PBXGroup section */
		5C016D5D5ACB601A6EE56D0B /* Pods */ = {
			isa = PBXGroup;
			children = (
				9AF9F2C658DF6E488E4461D6 /* Pods-KDTree_Example.debug.xcconfig */,
				C21662931D2AD0332A01BA1B /* Pods-KDTree_Example.release.xcconfig */,
				90C698D9647F2FA603B9E5A9 /* Pods-KDTree_OSX_Example.debug.xcconfig */,
				49E6BEB256637DEA593F5DF6 /* Pods-KDTree_OSX_Example.release.xcconfig */,
				D25A52DFB11E96373D87BD47 /* Pods-KDTree_OSX_ExampleTests.debug.xcconfig */,
				F0A8F65F153DF33183ABF7A0 /* Pods-KDTree_OSX_ExampleTests.release.xcconfig */,
				CA9AFCB856DDD567CE693E74 /* Pods-KDTree_Tests.debug.xcconfig */,
				C65221F04F9484F8E3E25A68 /* Pods-KDTree_Tests.release.xcconfig */,
			);
			name = Pods;
			sourceTree = "<group>";
		};
		607FACC71AFB9204008FA782 = {
			isa = PBXGroup;
			children = (
				717EB89E1F4D8665006B964E /* KDTreePlayground.playground */,
				607FACF51AFB993E008FA782 /* Metadata */,
				607FACD21AFB9204008FA782 /* Example for KDTree */,
				607FACE81AFB9204008FA782 /* Tests */,
				71C1B4611CD946BF005436C3 /* KDTree_OSX_Example */,
				71C1B4731CD946BF005436C3 /* KDTree_OSX_ExampleTests */,
				607FACD11AFB9204008FA782 /* Products */,
				5C016D5D5ACB601A6EE56D0B /* Pods */,
				CAA472A1686B9714B52D97B5 /* Frameworks */,
			);
			sourceTree = "<group>";
		};
		607FACD11AFB9204008FA782 /* Products */ = {
			isa = PBXGroup;
			children = (
				607FACD01AFB9204008FA782 /* KDTree_Example.app */,
				607FACE51AFB9204008FA782 /* KDTree_Tests.xctest */,
				71C1B4601CD946BF005436C3 /* KDTree_OSX_Example.app */,
				71C1B4701CD946BF005436C3 /* KDTree_OSX_ExampleTests.xctest */,
			);
			name = Products;
			sourceTree = "<group>";
		};
		607FACD21AFB9204008FA782 /* Example for KDTree */ = {
			isa = PBXGroup;
			children = (
				607FACD51AFB9204008FA782 /* AppDelegate.swift */,
				607FACD71AFB9204008FA782 /* ViewController.swift */,
				7475A3141E9AD2C4000CA993 /* AlgorithmViewController.swift */,
				716B71FF1CAF1E5C00A35BB6 /* IllustrationViewController.swift */,
				71BB4C8B1CB12DC800CB19A6 /* TesselationViewController.swift */,
				71DACAE21E86B34F0055B8F2 /* Stars Example */,
				716B72011CAF25B100A35BB6 /* Geometry.swift */,
				716B71FC1CAEF44A00A35BB6 /* UIView subclasses */,
				607FACD91AFB9204008FA782 /* Main.storyboard */,
				607FACDC1AFB9204008FA782 /* Images.xcassets */,
				607FACDE1AFB9204008FA782 /* LaunchScreen.xib */,
				607FACD31AFB9204008FA782 /* Supporting Files */,
			);
			name = "Example for KDTree";
			path = KDTree;
			sourceTree = "<group>";
		};
		607FACD31AFB9204008FA782 /* Supporting Files */ = {
			isa = PBXGroup;
			children = (
				607FACD41AFB9204008FA782 /* Info.plist */,
			);
			name = "Supporting Files";
			sourceTree = "<group>";
		};
		607FACE81AFB9204008FA782 /* Tests */ = {
			isa = PBXGroup;
			children = (
				715C05591FB9CD8D00103836 /* LinuxMain.swift */,
				715C055A1FB9CE8000103836 /* KDTreeTests.swift */,
				713204B41CD949EE001A1F44 /* TestHelpers.swift */,
				607FACEB1AFB9204008FA782 /* BasicTests.swift */,
				71C2077A1CA9C9C2009C9551 /* NearestNeighbourTests.swift */,
				717A226B1FCDCEF20087CC2B /* AllPointsinRadiusTests.swift */,
				74887EFB1CABC258002AECF6 /* LoadTest.swift */,
				717EB89F1F4D8A9C006B964E /* GridTest.swift */,
				712EDA7A1CB5A4DE001F32F3 /* RangeSearchTests.swift */,
				716D540B1F517E5E0079A809 /* CodableTests.swift */,
				740150FA1E9A92C600F0F4DA /* PerformanceTests.swift */,
				607FACE91AFB9204008FA782 /* Supporting Files */,
			);
			path = Tests;
			sourceTree = "<group>";
		};
		607FACE91AFB9204008FA782 /* Supporting Files */ = {
			isa = PBXGroup;
			children = (
				607FACEA1AFB9204008FA782 /* Info.plist */,
			);
			name = "Supporting Files";
			sourceTree = "<group>";
		};
		607FACF51AFB993E008FA782 /* Metadata */ = {
			isa = PBXGroup;
			children = (
				71A6F2C11F77B0E2001FE74C /* Package.swift */,
				7189757F1F6F310300264E02 /* .travis.yml */,
				71143BB3206FF19500D4E50E /* .swiftlint.yml */,
				8506A4C5702448A3C135B8E7 /* KDTree.podspec */,
				7C2B43EA9C12FFEB9A9CD3C6 /* README.md */,
				EBAD2F8B727A2480766EA435 /* LICENSE */,
			);
			name = Metadata;
			sourceTree = "<group>";
		};
		716B71FC1CAEF44A00A35BB6 /* UIView subclasses */ = {
			isa = PBXGroup;
			children = (
				716B71FD1CAEFC3500A35BB6 /* IllustrationView.swift */,
				71BB4C8D1CB1468100CB19A6 /* Disc.swift */,
				71BB4C911CB18F9500CB19A6 /* Square.swift */,
				71BB4C891CB12B9400CB19A6 /* FillWithFormsView.swift */,
			);
			name = "UIView subclasses";
			sourceTree = "<group>";
		};
		71C1B4611CD946BF005436C3 /* KDTree_OSX_Example */ = {
			isa = PBXGroup;
			children = (
				71C1B4621CD946BF005436C3 /* AppDelegate.swift */,
				744691521E8A9B580040A093 /* WindowController.swift */,
				71C1B4641CD946BF005436C3 /* ViewController.swift */,
				7446914B1E8A86F60040A093 /* StarViewController.swift */,
				71C1B4661CD946BF005436C3 /* Assets.xcassets */,
				71C1B4681CD946BF005436C3 /* Main.storyboard */,
				71C1B46B1CD946BF005436C3 /* Info.plist */,
			);
			path = KDTree_OSX_Example;
			sourceTree = "<group>";
		};
		71C1B4731CD946BF005436C3 /* KDTree_OSX_ExampleTests */ = {
			isa = PBXGroup;
			children = (
				71C1B4741CD946BF005436C3 /* KDTree_OSX_ExampleTests.swift */,
				71C1B4761CD946BF005436C3 /* Info.plist */,
			);
			path = KDTree_OSX_ExampleTests;
			sourceTree = "<group>";
		};
		71DACAE21E86B34F0055B8F2 /* Stars Example */ = {
			isa = PBXGroup;
			children = (
				719CEFAC1E81B8AC00A09A3F /* StarMapViewController.swift */,
				744691551E8AA50D0040A093 /* StarHelper.swift */,
				7419AE4A1F66F49B004E8248 /* Star+KDTreePoint.swift */,
				71C74C871E884CEC0057B4F2 /* StarMapView.swift */,
				74B9DA121F69CF3A00C9DCE0 /* visibleStars.csv */,
				747E3C3D1F6B0E9A007DF4CC /* visibleStars.plist */,
				74B9DA131F69CF4500C9DCE0 /* allStars.csv */,
			);
			name = "Stars Example";
			sourceTree = "<group>";
		};
		CAA472A1686B9714B52D97B5 /* Frameworks */ = {
			isa = PBXGroup;
			children = (
				DC603E910B33686BF88B277F /* Pods_KDTree_Example.framework */,
				28B1E203614C8BD2AB46541A /* Pods_KDTree_OSX_Example.framework */,
				FFDC6EA703366953D871D8E0 /* Pods_KDTree_OSX_ExampleTests.framework */,
				FDD3B0DAAB7F78960FBF4F57 /* Pods_KDTree_Tests.framework */,
			);
			name = Frameworks;
			sourceTree = "<group>";
		};
/* End PBXGroup section */

/* Begin PBXNativeTarget section */
		607FACCF1AFB9204008FA782 /* KDTree_Example */ = {
			isa = PBXNativeTarget;
			buildConfigurationList = 607FACEF1AFB9204008FA782 /* Build configuration list for PBXNativeTarget "KDTree_Example" */;
			buildPhases = (
				0A512C5273BA04F84E528C83 /* [CP] Check Pods Manifest.lock */,
				607FACCC1AFB9204008FA782 /* Sources */,
				607FACCD1AFB9204008FA782 /* Frameworks */,
				607FACCE1AFB9204008FA782 /* Resources */,
				719D20A51CB92A250007926E /* Swiftlint */,
				079E7210BBC1CC2E02683C1F /* [CP] Embed Pods Frameworks */,
				9893EDFD3F054152C55D1C98 /* [CP] Copy Pods Resources */,
			);
			buildRules = (
			);
			dependencies = (
			);
			name = KDTree_Example;
			productName = KDTree;
			productReference = 607FACD01AFB9204008FA782 /* KDTree_Example.app */;
			productType = "com.apple.product-type.application";
		};
		607FACE41AFB9204008FA782 /* KDTree_Tests */ = {
			isa = PBXNativeTarget;
			buildConfigurationList = 607FACF21AFB9204008FA782 /* Build configuration list for PBXNativeTarget "KDTree_Tests" */;
			buildPhases = (
				D550B3E8AC5060CF45960B8E /* [CP] Check Pods Manifest.lock */,
				607FACE11AFB9204008FA782 /* Sources */,
				607FACE21AFB9204008FA782 /* Frameworks */,
				607FACE31AFB9204008FA782 /* Resources */,
				915242EBCFA33A7BCBCFE33E /* [CP] Embed Pods Frameworks */,
				1C323A3E80386235DE0399B6 /* [CP] Copy Pods Resources */,
			);
			buildRules = (
			);
			dependencies = (
				607FACE71AFB9204008FA782 /* PBXTargetDependency */,
			);
			name = KDTree_Tests;
			productName = Tests;
			productReference = 607FACE51AFB9204008FA782 /* KDTree_Tests.xctest */;
			productType = "com.apple.product-type.bundle.unit-test";
		};
		71C1B45F1CD946BF005436C3 /* KDTree_OSX_Example */ = {
			isa = PBXNativeTarget;
			buildConfigurationList = 71C1B47B1CD946BF005436C3 /* Build configuration list for PBXNativeTarget "KDTree_OSX_Example" */;
			buildPhases = (
				4C2CB8F0863E310A377145D1 /* [CP] Check Pods Manifest.lock */,
				71C1B45C1CD946BF005436C3 /* Sources */,
				71C1B45D1CD946BF005436C3 /* Frameworks */,
				71C1B45E1CD946BF005436C3 /* Resources */,
				8A10B8F4608EB35179DBC534 /* [CP] Embed Pods Frameworks */,
				4D54754E3E75EEF685F2AE8E /* [CP] Copy Pods Resources */,
			);
			buildRules = (
			);
			dependencies = (
			);
			name = KDTree_OSX_Example;
			productName = KDTree_OSX_Example;
			productReference = 71C1B4601CD946BF005436C3 /* KDTree_OSX_Example.app */;
			productType = "com.apple.product-type.application";
		};
		71C1B46F1CD946BF005436C3 /* KDTree_OSX_ExampleTests */ = {
			isa = PBXNativeTarget;
			buildConfigurationList = 71C1B47C1CD946BF005436C3 /* Build configuration list for PBXNativeTarget "KDTree_OSX_ExampleTests" */;
			buildPhases = (
				CF2E57DAEC65D17C75323324 /* [CP] Check Pods Manifest.lock */,
				71C1B46C1CD946BF005436C3 /* Sources */,
				71C1B46D1CD946BF005436C3 /* Frameworks */,
				71C1B46E1CD946BF005436C3 /* Resources */,
				16712B59C995DCEA608DE323 /* [CP] Embed Pods Frameworks */,
				0F8691971EDAC53496FA0961 /* [CP] Copy Pods Resources */,
			);
			buildRules = (
			);
			dependencies = (
				71C1B4721CD946BF005436C3 /* PBXTargetDependency */,
			);
			name = KDTree_OSX_ExampleTests;
			productName = KDTree_OSX_ExampleTests;
			productReference = 71C1B4701CD946BF005436C3 /* KDTree_OSX_ExampleTests.xctest */;
			productType = "com.apple.product-type.bundle.unit-test";
		};
/* End PBXNativeTarget section */

/* Begin PBXProject section */
		607FACC81AFB9204008FA782 /* Project object */ = {
			isa = PBXProject;
			attributes = {
				LastSwiftUpdateCheck = 0730;
				LastUpgradeCheck = 0930;
				ORGANIZATIONNAME = CocoaPods;
				TargetAttributes = {
					607FACCF1AFB9204008FA782 = {
						CreatedOnToolsVersion = 6.3.1;
						DevelopmentTeam = H43Z4288RY;
						LastSwiftMigration = 0900;
					};
					607FACE41AFB9204008FA782 = {
						CreatedOnToolsVersion = 6.3.1;
						LastSwiftMigration = 0900;
						TestTargetID = 607FACCF1AFB9204008FA782;
					};
					71C1B45F1CD946BF005436C3 = {
						CreatedOnToolsVersion = 7.3;
						LastSwiftMigration = 0900;
					};
					71C1B46F1CD946BF005436C3 = {
						CreatedOnToolsVersion = 7.3;
						LastSwiftMigration = 0900;
						TestTargetID = 71C1B45F1CD946BF005436C3;
					};
				};
			};
			buildConfigurationList = 607FACCB1AFB9204008FA782 /* Build configuration list for PBXProject "KDTree" */;
			compatibilityVersion = "Xcode 3.2";
			developmentRegion = English;
			hasScannedForEncodings = 0;
			knownRegions = (
				en,
				Base,
			);
			mainGroup = 607FACC71AFB9204008FA782;
			productRefGroup = 607FACD11AFB9204008FA782 /* Products */;
			projectDirPath = "";
			projectRoot = "";
			targets = (
				607FACCF1AFB9204008FA782 /* KDTree_Example */,
				607FACE41AFB9204008FA782 /* KDTree_Tests */,
				71C1B45F1CD946BF005436C3 /* KDTree_OSX_Example */,
				71C1B46F1CD946BF005436C3 /* KDTree_OSX_ExampleTests */,
			);
		};
/* End PBXProject section */

/* Begin PBXResourcesBuildPhase section */
		607FACCE1AFB9204008FA782 /* Resources */ = {
			isa = PBXResourcesBuildPhase;
			buildActionMask = 2147483647;
			files = (
				747E3C3E1F6B0E9F007DF4CC /* visibleStars.plist in Resources */,
				607FACDB1AFB9204008FA782 /* Main.storyboard in Resources */,
				74B9DA161F69CF4B00C9DCE0 /* allStars.csv in Resources */,
				607FACE01AFB9204008FA782 /* LaunchScreen.xib in Resources */,
				607FACDD1AFB9204008FA782 /* Images.xcassets in Resources */,
				74B9DA141F69CF4700C9DCE0 /* visibleStars.csv in Resources */,
			);
			runOnlyForDeploymentPostprocessing = 0;
		};
		607FACE31AFB9204008FA782 /* Resources */ = {
			isa = PBXResourcesBuildPhase;
			buildActionMask = 2147483647;
			files = (
			);
			runOnlyForDeploymentPostprocessing = 0;
		};
		71C1B45E1CD946BF005436C3 /* Resources */ = {
			isa = PBXResourcesBuildPhase;
			buildActionMask = 2147483647;
			files = (
				71C1B4671CD946BF005436C3 /* Assets.xcassets in Resources */,
				74B9DA151F69CF4800C9DCE0 /* visibleStars.csv in Resources */,
				74B9DA171F69CF4B00C9DCE0 /* allStars.csv in Resources */,
				747E3C3F1F6B0EA0007DF4CC /* visibleStars.plist in Resources */,
				71C1B46A1CD946BF005436C3 /* Main.storyboard in Resources */,
			);
			runOnlyForDeploymentPostprocessing = 0;
		};
		71C1B46E1CD946BF005436C3 /* Resources */ = {
			isa = PBXResourcesBuildPhase;
			buildActionMask = 2147483647;
			files = (
			);
			runOnlyForDeploymentPostprocessing = 0;
		};
/* End PBXResourcesBuildPhase section */

/* Begin PBXShellScriptBuildPhase section */
		079E7210BBC1CC2E02683C1F /* [CP] Embed Pods Frameworks */ = {
			isa = PBXShellScriptBuildPhase;
			buildActionMask = 2147483647;
			files = (
			);
			inputPaths = (
				"${SRCROOT}/Pods/Target Support Files/Pods-KDTree_Example/Pods-KDTree_Example-frameworks.sh",
				"${BUILT_PRODUCTS_DIR}/KDTree-iOS/KDTree.framework",
				"${BUILT_PRODUCTS_DIR}/SwiftyBeaver-iOS/SwiftyBeaver.framework",
				"${BUILT_PRODUCTS_DIR}/SwiftyHYGDB-iOS/SwiftyHYGDB.framework",
			);
			name = "[CP] Embed Pods Frameworks";
			outputPaths = (
				"${TARGET_BUILD_DIR}/${FRAMEWORKS_FOLDER_PATH}/KDTree.framework",
				"${TARGET_BUILD_DIR}/${FRAMEWORKS_FOLDER_PATH}/SwiftyBeaver.framework",
				"${TARGET_BUILD_DIR}/${FRAMEWORKS_FOLDER_PATH}/SwiftyHYGDB.framework",
			);
			runOnlyForDeploymentPostprocessing = 0;
			shellPath = /bin/sh;
			shellScript = "\"${SRCROOT}/Pods/Target Support Files/Pods-KDTree_Example/Pods-KDTree_Example-frameworks.sh\"\n";
			showEnvVarsInLog = 0;
		};
		0A512C5273BA04F84E528C83 /* [CP] Check Pods Manifest.lock */ = {
			isa = PBXShellScriptBuildPhase;
			buildActionMask = 2147483647;
			files = (
			);
			inputPaths = (
				"${PODS_PODFILE_DIR_PATH}/Podfile.lock",
				"${PODS_ROOT}/Manifest.lock",
			);
			name = "[CP] Check Pods Manifest.lock";
			outputPaths = (
				"$(DERIVED_FILE_DIR)/Pods-KDTree_Example-checkManifestLockResult.txt",
			);
			runOnlyForDeploymentPostprocessing = 0;
			shellPath = /bin/sh;
			shellScript = "diff \"${PODS_PODFILE_DIR_PATH}/Podfile.lock\" \"${PODS_ROOT}/Manifest.lock\" > /dev/null\nif [ $? != 0 ] ; then\n    # print error to STDERR\n    echo \"error: The sandbox is not in sync with the Podfile.lock. Run 'pod install' or update your CocoaPods installation.\" >&2\n    exit 1\nfi\n# This output is used by Xcode 'outputs' to avoid re-running this script phase.\necho \"SUCCESS\" > \"${SCRIPT_OUTPUT_FILE_0}\"\n";
			showEnvVarsInLog = 0;
		};
		0F8691971EDAC53496FA0961 /* [CP] Copy Pods Resources */ = {
			isa = PBXShellScriptBuildPhase;
			buildActionMask = 2147483647;
			files = (
			);
			inputPaths = (
			);
			name = "[CP] Copy Pods Resources";
			outputPaths = (
			);
			runOnlyForDeploymentPostprocessing = 0;
			shellPath = /bin/sh;
			shellScript = "\"${SRCROOT}/Pods/Target Support Files/Pods-KDTree_OSX_ExampleTests/Pods-KDTree_OSX_ExampleTests-resources.sh\"\n";
			showEnvVarsInLog = 0;
		};
		16712B59C995DCEA608DE323 /* [CP] Embed Pods Frameworks */ = {
			isa = PBXShellScriptBuildPhase;
			buildActionMask = 2147483647;
			files = (
			);
			inputPaths = (
			);
			name = "[CP] Embed Pods Frameworks";
			outputPaths = (
			);
			runOnlyForDeploymentPostprocessing = 0;
			shellPath = /bin/sh;
			shellScript = "\"${SRCROOT}/Pods/Target Support Files/Pods-KDTree_OSX_ExampleTests/Pods-KDTree_OSX_ExampleTests-frameworks.sh\"\n";
			showEnvVarsInLog = 0;
		};
		1C323A3E80386235DE0399B6 /* [CP] Copy Pods Resources */ = {
			isa = PBXShellScriptBuildPhase;
			buildActionMask = 2147483647;
			files = (
			);
			inputPaths = (
			);
			name = "[CP] Copy Pods Resources";
			outputPaths = (
			);
			runOnlyForDeploymentPostprocessing = 0;
			shellPath = /bin/sh;
			shellScript = "\"${SRCROOT}/Pods/Target Support Files/Pods-KDTree_Tests/Pods-KDTree_Tests-resources.sh\"\n";
			showEnvVarsInLog = 0;
		};
		4C2CB8F0863E310A377145D1 /* [CP] Check Pods Manifest.lock */ = {
			isa = PBXShellScriptBuildPhase;
			buildActionMask = 2147483647;
			files = (
			);
			inputPaths = (
				"${PODS_PODFILE_DIR_PATH}/Podfile.lock",
				"${PODS_ROOT}/Manifest.lock",
			);
			name = "[CP] Check Pods Manifest.lock";
			outputPaths = (
				"$(DERIVED_FILE_DIR)/Pods-KDTree_OSX_Example-checkManifestLockResult.txt",
			);
			runOnlyForDeploymentPostprocessing = 0;
			shellPath = /bin/sh;
			shellScript = "diff \"${PODS_PODFILE_DIR_PATH}/Podfile.lock\" \"${PODS_ROOT}/Manifest.lock\" > /dev/null\nif [ $? != 0 ] ; then\n    # print error to STDERR\n    echo \"error: The sandbox is not in sync with the Podfile.lock. Run 'pod install' or update your CocoaPods installation.\" >&2\n    exit 1\nfi\n# This output is used by Xcode 'outputs' to avoid re-running this script phase.\necho \"SUCCESS\" > \"${SCRIPT_OUTPUT_FILE_0}\"\n";
			showEnvVarsInLog = 0;
		};
		4D54754E3E75EEF685F2AE8E /* [CP] Copy Pods Resources */ = {
			isa = PBXShellScriptBuildPhase;
			buildActionMask = 2147483647;
			files = (
			);
			inputPaths = (
			);
			name = "[CP] Copy Pods Resources";
			outputPaths = (
			);
			runOnlyForDeploymentPostprocessing = 0;
			shellPath = /bin/sh;
			shellScript = "\"${SRCROOT}/Pods/Target Support Files/Pods-KDTree_OSX_Example/Pods-KDTree_OSX_Example-resources.sh\"\n";
			showEnvVarsInLog = 0;
		};
		719D20A51CB92A250007926E /* Swiftlint */ = {
			isa = PBXShellScriptBuildPhase;
			buildActionMask = 2147483647;
			files = (
			);
			inputPaths = (
			);
			name = Swiftlint;
			outputPaths = (
			);
			runOnlyForDeploymentPostprocessing = 0;
			shellPath = /bin/sh;
			shellScript = "if which swiftlint >/dev/null; then\nswiftlint\nelse\necho \"warning: SwiftLint not installed, download from https://github.com/realm/SwiftLint\"\nfi";
		};
		8A10B8F4608EB35179DBC534 /* [CP] Embed Pods Frameworks */ = {
			isa = PBXShellScriptBuildPhase;
			buildActionMask = 2147483647;
			files = (
			);
			inputPaths = (
				"${SRCROOT}/Pods/Target Support Files/Pods-KDTree_OSX_Example/Pods-KDTree_OSX_Example-frameworks.sh",
				"${BUILT_PRODUCTS_DIR}/KDTree-macOS/KDTree.framework",
				"${BUILT_PRODUCTS_DIR}/SwiftyBeaver-macOS/SwiftyBeaver.framework",
				"${BUILT_PRODUCTS_DIR}/SwiftyHYGDB-macOS/SwiftyHYGDB.framework",
			);
			name = "[CP] Embed Pods Frameworks";
			outputPaths = (
				"${TARGET_BUILD_DIR}/${FRAMEWORKS_FOLDER_PATH}/KDTree.framework",
				"${TARGET_BUILD_DIR}/${FRAMEWORKS_FOLDER_PATH}/SwiftyBeaver.framework",
				"${TARGET_BUILD_DIR}/${FRAMEWORKS_FOLDER_PATH}/SwiftyHYGDB.framework",
			);
			runOnlyForDeploymentPostprocessing = 0;
			shellPath = /bin/sh;
			shellScript = "\"${SRCROOT}/Pods/Target Support Files/Pods-KDTree_OSX_Example/Pods-KDTree_OSX_Example-frameworks.sh\"\n";
			showEnvVarsInLog = 0;
		};
		915242EBCFA33A7BCBCFE33E /* [CP] Embed Pods Frameworks */ = {
			isa = PBXShellScriptBuildPhase;
			buildActionMask = 2147483647;
			files = (
			);
			inputPaths = (
				"${SRCROOT}/Pods/Target Support Files/Pods-KDTree_Tests/Pods-KDTree_Tests-frameworks.sh",
				"${BUILT_PRODUCTS_DIR}/Nimble/Nimble.framework",
				"${BUILT_PRODUCTS_DIR}/Quick/Quick.framework",
			);
			name = "[CP] Embed Pods Frameworks";
			outputPaths = (
				"${TARGET_BUILD_DIR}/${FRAMEWORKS_FOLDER_PATH}/Nimble.framework",
				"${TARGET_BUILD_DIR}/${FRAMEWORKS_FOLDER_PATH}/Quick.framework",
			);
			runOnlyForDeploymentPostprocessing = 0;
			shellPath = /bin/sh;
			shellScript = "\"${SRCROOT}/Pods/Target Support Files/Pods-KDTree_Tests/Pods-KDTree_Tests-frameworks.sh\"\n";
			showEnvVarsInLog = 0;
		};
		9893EDFD3F054152C55D1C98 /* [CP] Copy Pods Resources */ = {
			isa = PBXShellScriptBuildPhase;
			buildActionMask = 2147483647;
			files = (
			);
			inputPaths = (
			);
			name = "[CP] Copy Pods Resources";
			outputPaths = (
			);
			runOnlyForDeploymentPostprocessing = 0;
			shellPath = /bin/sh;
			shellScript = "\"${SRCROOT}/Pods/Target Support Files/Pods-KDTree_Example/Pods-KDTree_Example-resources.sh\"\n";
			showEnvVarsInLog = 0;
		};
		CF2E57DAEC65D17C75323324 /* [CP] Check Pods Manifest.lock */ = {
			isa = PBXShellScriptBuildPhase;
			buildActionMask = 2147483647;
			files = (
			);
			inputPaths = (
				"${PODS_PODFILE_DIR_PATH}/Podfile.lock",
				"${PODS_ROOT}/Manifest.lock",
			);
			name = "[CP] Check Pods Manifest.lock";
			outputPaths = (
				"$(DERIVED_FILE_DIR)/Pods-KDTree_OSX_ExampleTests-checkManifestLockResult.txt",
			);
			runOnlyForDeploymentPostprocessing = 0;
			shellPath = /bin/sh;
			shellScript = "diff \"${PODS_PODFILE_DIR_PATH}/Podfile.lock\" \"${PODS_ROOT}/Manifest.lock\" > /dev/null\nif [ $? != 0 ] ; then\n    # print error to STDERR\n    echo \"error: The sandbox is not in sync with the Podfile.lock. Run 'pod install' or update your CocoaPods installation.\" >&2\n    exit 1\nfi\n# This output is used by Xcode 'outputs' to avoid re-running this script phase.\necho \"SUCCESS\" > \"${SCRIPT_OUTPUT_FILE_0}\"\n";
			showEnvVarsInLog = 0;
		};
		D550B3E8AC5060CF45960B8E /* [CP] Check Pods Manifest.lock */ = {
			isa = PBXShellScriptBuildPhase;
			buildActionMask = 2147483647;
			files = (
			);
			inputPaths = (
				"${PODS_PODFILE_DIR_PATH}/Podfile.lock",
				"${PODS_ROOT}/Manifest.lock",
			);
			name = "[CP] Check Pods Manifest.lock";
			outputPaths = (
				"$(DERIVED_FILE_DIR)/Pods-KDTree_Tests-checkManifestLockResult.txt",
			);
			runOnlyForDeploymentPostprocessing = 0;
			shellPath = /bin/sh;
			shellScript = "diff \"${PODS_PODFILE_DIR_PATH}/Podfile.lock\" \"${PODS_ROOT}/Manifest.lock\" > /dev/null\nif [ $? != 0 ] ; then\n    # print error to STDERR\n    echo \"error: The sandbox is not in sync with the Podfile.lock. Run 'pod install' or update your CocoaPods installation.\" >&2\n    exit 1\nfi\n# This output is used by Xcode 'outputs' to avoid re-running this script phase.\necho \"SUCCESS\" > \"${SCRIPT_OUTPUT_FILE_0}\"\n";
			showEnvVarsInLog = 0;
		};
/* End PBXShellScriptBuildPhase section */

/* Begin PBXSourcesBuildPhase section */
		607FACCC1AFB9204008FA782 /* Sources */ = {
			isa = PBXSourcesBuildPhase;
			buildActionMask = 2147483647;
			files = (
				71BB4C8E1CB1468100CB19A6 /* Disc.swift in Sources */,
				744691561E8AA50D0040A093 /* StarHelper.swift in Sources */,
				716B72001CAF1E5C00A35BB6 /* IllustrationViewController.swift in Sources */,
				719CEFAD1E81B8AC00A09A3F /* StarMapViewController.swift in Sources */,
				716B71FE1CAEFC3500A35BB6 /* IllustrationView.swift in Sources */,
				7419AE4B1F66F4A9004E8248 /* Star+KDTreePoint.swift in Sources */,
				607FACD81AFB9204008FA782 /* ViewController.swift in Sources */,
				71BB4C8A1CB12B9400CB19A6 /* FillWithFormsView.swift in Sources */,
				607FACD61AFB9204008FA782 /* AppDelegate.swift in Sources */,
				71BB4C921CB18F9500CB19A6 /* Square.swift in Sources */,
				71C74C881E884CEC0057B4F2 /* StarMapView.swift in Sources */,
				716B72021CAF25B100A35BB6 /* Geometry.swift in Sources */,
				7475A3151E9AD2C4000CA993 /* AlgorithmViewController.swift in Sources */,
				71BB4C8C1CB12DC800CB19A6 /* TesselationViewController.swift in Sources */,
			);
			runOnlyForDeploymentPostprocessing = 0;
		};
		607FACE11AFB9204008FA782 /* Sources */ = {
			isa = PBXSourcesBuildPhase;
			buildActionMask = 2147483647;
			files = (
				7186FE831D99D99B00D8F292 /* BasicTests.swift in Sources */,
				7130CA7A1F52DE4200A46AD1 /* CodableTests.swift in Sources */,
				7186FE851D99DBBF00D8F292 /* RangeSearchTests.swift in Sources */,
				717EB8A11F4D8AE6006B964E /* GridTest.swift in Sources */,
				7186FE861D99DF0A00D8F292 /* LoadTest.swift in Sources */,
				713204B51CD949EE001A1F44 /* TestHelpers.swift in Sources */,
				7186FE811D99D6B500D8F292 /* NearestNeighbourTests.swift in Sources */,
				717A226D1FCDCFAA0087CC2B /* AllPointsinRadiusTests.swift in Sources */,
			);
			runOnlyForDeploymentPostprocessing = 0;
		};
		71C1B45C1CD946BF005436C3 /* Sources */ = {
			isa = PBXSourcesBuildPhase;
			buildActionMask = 2147483647;
			files = (
				744691571E8AA50D0040A093 /* StarHelper.swift in Sources */,
				713204B81CD94CEA001A1F44 /* Disc.swift in Sources */,
				713204B71CD94BBC001A1F44 /* FillWithFormsView.swift in Sources */,
				71C1B4651CD946BF005436C3 /* ViewController.swift in Sources */,
				71C1B4631CD946BF005436C3 /* AppDelegate.swift in Sources */,
				7446914D1E8A87020040A093 /* StarMapView.swift in Sources */,
				7446914C1E8A86F60040A093 /* StarViewController.swift in Sources */,
				7419AE4C1F66F4AA004E8248 /* Star+KDTreePoint.swift in Sources */,
				744691531E8A9B580040A093 /* WindowController.swift in Sources */,
				713204BE1CD94F11001A1F44 /* Geometry.swift in Sources */,
			);
			runOnlyForDeploymentPostprocessing = 0;
		};
		71C1B46C1CD946BF005436C3 /* Sources */ = {
			isa = PBXSourcesBuildPhase;
			buildActionMask = 2147483647;
			files = (
				71C1B4751CD946BF005436C3 /* KDTree_OSX_ExampleTests.swift in Sources */,
				713204B61CD949EE001A1F44 /* TestHelpers.swift in Sources */,
				740150FC1E9AA34200F0F4DA /* PerformanceTests.swift in Sources */,
			);
			runOnlyForDeploymentPostprocessing = 0;
		};
/* End PBXSourcesBuildPhase section */

/* Begin PBXTargetDependency section */
		607FACE71AFB9204008FA782 /* PBXTargetDependency */ = {
			isa = PBXTargetDependency;
			target = 607FACCF1AFB9204008FA782 /* KDTree_Example */;
			targetProxy = 607FACE61AFB9204008FA782 /* PBXContainerItemProxy */;
		};
		71C1B4721CD946BF005436C3 /* PBXTargetDependency */ = {
			isa = PBXTargetDependency;
			target = 71C1B45F1CD946BF005436C3 /* KDTree_OSX_Example */;
			targetProxy = 71C1B4711CD946BF005436C3 /* PBXContainerItemProxy */;
		};
/* End PBXTargetDependency section */

/* Begin PBXVariantGroup section */
		607FACD91AFB9204008FA782 /* Main.storyboard */ = {
			isa = PBXVariantGroup;
			children = (
				607FACDA1AFB9204008FA782 /* Base */,
			);
			name = Main.storyboard;
			sourceTree = "<group>";
		};
		607FACDE1AFB9204008FA782 /* LaunchScreen.xib */ = {
			isa = PBXVariantGroup;
			children = (
				607FACDF1AFB9204008FA782 /* Base */,
			);
			name = LaunchScreen.xib;
			sourceTree = "<group>";
		};
		71C1B4681CD946BF005436C3 /* Main.storyboard */ = {
			isa = PBXVariantGroup;
			children = (
				71C1B4691CD946BF005436C3 /* Base */,
			);
			name = Main.storyboard;
			sourceTree = "<group>";
		};
/* End PBXVariantGroup section */

/* Begin XCBuildConfiguration section */
		607FACED1AFB9204008FA782 /* Debug */ = {
			isa = XCBuildConfiguration;
			buildSettings = {
				ALWAYS_SEARCH_USER_PATHS = NO;
				CLANG_CXX_LANGUAGE_STANDARD = "gnu++0x";
				CLANG_CXX_LIBRARY = "libc++";
				CLANG_ENABLE_MODULES = YES;
				CLANG_ENABLE_OBJC_ARC = YES;
				CLANG_WARN_BLOCK_CAPTURE_AUTORELEASING = YES;
				CLANG_WARN_BOOL_CONVERSION = YES;
				CLANG_WARN_COMMA = YES;
				CLANG_WARN_CONSTANT_CONVERSION = YES;
				CLANG_WARN_DEPRECATED_OBJC_IMPLEMENTATIONS = YES;
				CLANG_WARN_DIRECT_OBJC_ISA_USAGE = YES_ERROR;
				CLANG_WARN_EMPTY_BODY = YES;
				CLANG_WARN_ENUM_CONVERSION = YES;
				CLANG_WARN_INFINITE_RECURSION = YES;
				CLANG_WARN_INT_CONVERSION = YES;
				CLANG_WARN_NON_LITERAL_NULL_CONVERSION = YES;
				CLANG_WARN_OBJC_IMPLICIT_RETAIN_SELF = YES;
				CLANG_WARN_OBJC_LITERAL_CONVERSION = YES;
				CLANG_WARN_OBJC_ROOT_CLASS = YES_ERROR;
				CLANG_WARN_RANGE_LOOP_ANALYSIS = YES;
				CLANG_WARN_STRICT_PROTOTYPES = YES;
				CLANG_WARN_SUSPICIOUS_MOVE = YES;
				CLANG_WARN_UNREACHABLE_CODE = YES;
				CLANG_WARN__DUPLICATE_METHOD_MATCH = YES;
				"CODE_SIGN_IDENTITY[sdk=iphoneos*]" = "iPhone Developer";
				COPY_PHASE_STRIP = NO;
				DEBUG_INFORMATION_FORMAT = "dwarf-with-dsym";
				ENABLE_STRICT_OBJC_MSGSEND = YES;
				ENABLE_TESTABILITY = YES;
				GCC_C_LANGUAGE_STANDARD = gnu99;
				GCC_DYNAMIC_NO_PIC = NO;
				GCC_NO_COMMON_BLOCKS = YES;
				GCC_OPTIMIZATION_LEVEL = 0;
				GCC_PREPROCESSOR_DEFINITIONS = (
					"DEBUG=1",
					"$(inherited)",
				);
				GCC_SYMBOLS_PRIVATE_EXTERN = NO;
				GCC_WARN_64_TO_32_BIT_CONVERSION = YES;
				GCC_WARN_ABOUT_RETURN_TYPE = YES_ERROR;
				GCC_WARN_UNDECLARED_SELECTOR = YES;
				GCC_WARN_UNINITIALIZED_AUTOS = YES_AGGRESSIVE;
				GCC_WARN_UNUSED_FUNCTION = YES;
				GCC_WARN_UNUSED_VARIABLE = YES;
				IPHONEOS_DEPLOYMENT_TARGET = 8.3;
				MTL_ENABLE_DEBUG_INFO = YES;
				ONLY_ACTIVE_ARCH = YES;
				SDKROOT = iphoneos;
				SWIFT_OPTIMIZATION_LEVEL = "-Onone";
			};
			name = Debug;
		};
		607FACEE1AFB9204008FA782 /* Release */ = {
			isa = XCBuildConfiguration;
			buildSettings = {
				ALWAYS_SEARCH_USER_PATHS = NO;
				CLANG_CXX_LANGUAGE_STANDARD = "gnu++0x";
				CLANG_CXX_LIBRARY = "libc++";
				CLANG_ENABLE_MODULES = YES;
				CLANG_ENABLE_OBJC_ARC = YES;
				CLANG_WARN_BLOCK_CAPTURE_AUTORELEASING = YES;
				CLANG_WARN_BOOL_CONVERSION = YES;
				CLANG_WARN_COMMA = YES;
				CLANG_WARN_CONSTANT_CONVERSION = YES;
				CLANG_WARN_DEPRECATED_OBJC_IMPLEMENTATIONS = YES;
				CLANG_WARN_DIRECT_OBJC_ISA_USAGE = YES_ERROR;
				CLANG_WARN_EMPTY_BODY = YES;
				CLANG_WARN_ENUM_CONVERSION = YES;
				CLANG_WARN_INFINITE_RECURSION = YES;
				CLANG_WARN_INT_CONVERSION = YES;
				CLANG_WARN_NON_LITERAL_NULL_CONVERSION = YES;
				CLANG_WARN_OBJC_IMPLICIT_RETAIN_SELF = YES;
				CLANG_WARN_OBJC_LITERAL_CONVERSION = YES;
				CLANG_WARN_OBJC_ROOT_CLASS = YES_ERROR;
				CLANG_WARN_RANGE_LOOP_ANALYSIS = YES;
				CLANG_WARN_STRICT_PROTOTYPES = YES;
				CLANG_WARN_SUSPICIOUS_MOVE = YES;
				CLANG_WARN_UNREACHABLE_CODE = YES;
				CLANG_WARN__DUPLICATE_METHOD_MATCH = YES;
				"CODE_SIGN_IDENTITY[sdk=iphoneos*]" = "iPhone Developer";
				COPY_PHASE_STRIP = NO;
				DEBUG_INFORMATION_FORMAT = "dwarf-with-dsym";
				ENABLE_NS_ASSERTIONS = NO;
				ENABLE_STRICT_OBJC_MSGSEND = YES;
				GCC_C_LANGUAGE_STANDARD = gnu99;
				GCC_NO_COMMON_BLOCKS = YES;
				GCC_WARN_64_TO_32_BIT_CONVERSION = YES;
				GCC_WARN_ABOUT_RETURN_TYPE = YES_ERROR;
				GCC_WARN_UNDECLARED_SELECTOR = YES;
				GCC_WARN_UNINITIALIZED_AUTOS = YES_AGGRESSIVE;
				GCC_WARN_UNUSED_FUNCTION = YES;
				GCC_WARN_UNUSED_VARIABLE = YES;
				IPHONEOS_DEPLOYMENT_TARGET = 8.3;
				MTL_ENABLE_DEBUG_INFO = NO;
				SDKROOT = iphoneos;
				VALIDATE_PRODUCT = YES;
			};
			name = Release;
		};
		607FACF01AFB9204008FA782 /* Debug */ = {
			isa = XCBuildConfiguration;
			baseConfigurationReference = 9AF9F2C658DF6E488E4461D6 /* Pods-KDTree_Example.debug.xcconfig */;
			buildSettings = {
				ASSETCATALOG_COMPILER_APPICON_NAME = AppIcon;
				CLANG_WARN_ASSIGN_ENUM = YES;
				CLANG_WARN_IMPLICIT_SIGN_CONVERSION = YES;
				CLANG_WARN_INFINITE_RECURSION = YES;
				DEVELOPMENT_TEAM = H43Z4288RY;
				GCC_OPTIMIZATION_LEVEL = s;
				GCC_WARN_ABOUT_MISSING_PROTOTYPES = YES;
				GCC_WARN_INITIALIZER_NOT_FULLY_BRACKETED = YES;
				GCC_WARN_SHADOW = YES;
				INFOPLIST_FILE = KDTree/Info.plist;
				IPHONEOS_DEPLOYMENT_TARGET = 9.3;
				LD_RUNPATH_SEARCH_PATHS = "$(inherited) @executable_path/Frameworks";
				MODULE_NAME = ExampleApp;
				PRODUCT_BUNDLE_IDENTIFIER = "org.cocoapods.demo.$(PRODUCT_NAME:rfc1034identifier)";
				PRODUCT_NAME = "$(TARGET_NAME)";
				SWIFT_OPTIMIZATION_LEVEL = "-Owholemodule";
				SWIFT_VERSION = 4.0;
				TARGETED_DEVICE_FAMILY = "1,2";
			};
			name = Debug;
		};
		607FACF11AFB9204008FA782 /* Release */ = {
			isa = XCBuildConfiguration;
			baseConfigurationReference = C21662931D2AD0332A01BA1B /* Pods-KDTree_Example.release.xcconfig */;
			buildSettings = {
				ASSETCATALOG_COMPILER_APPICON_NAME = AppIcon;
				CLANG_WARN_ASSIGN_ENUM = YES;
				CLANG_WARN_IMPLICIT_SIGN_CONVERSION = YES;
				CLANG_WARN_INFINITE_RECURSION = YES;
				DEVELOPMENT_TEAM = H43Z4288RY;
				GCC_WARN_ABOUT_MISSING_PROTOTYPES = YES;
				GCC_WARN_INITIALIZER_NOT_FULLY_BRACKETED = YES;
				GCC_WARN_SHADOW = YES;
				INFOPLIST_FILE = KDTree/Info.plist;
				IPHONEOS_DEPLOYMENT_TARGET = 9.3;
				LD_RUNPATH_SEARCH_PATHS = "$(inherited) @executable_path/Frameworks";
				MODULE_NAME = ExampleApp;
				PRODUCT_BUNDLE_IDENTIFIER = "org.cocoapods.demo.$(PRODUCT_NAME:rfc1034identifier)";
				PRODUCT_NAME = "$(TARGET_NAME)";
				SWIFT_OPTIMIZATION_LEVEL = "-Owholemodule";
				SWIFT_VERSION = 4.0;
				TARGETED_DEVICE_FAMILY = "1,2";
			};
			name = Release;
		};
		607FACF31AFB9204008FA782 /* Debug */ = {
			isa = XCBuildConfiguration;
			baseConfigurationReference = CA9AFCB856DDD567CE693E74 /* Pods-KDTree_Tests.debug.xcconfig */;
			buildSettings = {
				BUNDLE_LOADER = "$(TEST_HOST)";
				GCC_PREPROCESSOR_DEFINITIONS = (
					"DEBUG=1",
					"$(inherited)",
				);
				INFOPLIST_FILE = Tests/Info.plist;
				LD_RUNPATH_SEARCH_PATHS = "$(inherited) @executable_path/Frameworks @loader_path/Frameworks";
				PRODUCT_BUNDLE_IDENTIFIER = "org.cocoapods.$(PRODUCT_NAME:rfc1034identifier)";
				PRODUCT_NAME = "$(TARGET_NAME)";
				SWIFT_VERSION = 4.0;
				TEST_HOST = "$(BUILT_PRODUCTS_DIR)/KDTree_Example.app/KDTree_Example";
			};
			name = Debug;
		};
		607FACF41AFB9204008FA782 /* Release */ = {
			isa = XCBuildConfiguration;
			baseConfigurationReference = C65221F04F9484F8E3E25A68 /* Pods-KDTree_Tests.release.xcconfig */;
			buildSettings = {
				BUNDLE_LOADER = "$(TEST_HOST)";
				INFOPLIST_FILE = Tests/Info.plist;
				LD_RUNPATH_SEARCH_PATHS = "$(inherited) @executable_path/Frameworks @loader_path/Frameworks";
				PRODUCT_BUNDLE_IDENTIFIER = "org.cocoapods.$(PRODUCT_NAME:rfc1034identifier)";
				PRODUCT_NAME = "$(TARGET_NAME)";
				SWIFT_OPTIMIZATION_LEVEL = "-Owholemodule";
				SWIFT_VERSION = 4.0;
				TEST_HOST = "$(BUILT_PRODUCTS_DIR)/KDTree_Example.app/KDTree_Example";
			};
			name = Release;
		};
		71C1B4771CD946BF005436C3 /* Debug */ = {
			isa = XCBuildConfiguration;
			baseConfigurationReference = 90C698D9647F2FA603B9E5A9 /* Pods-KDTree_OSX_Example.debug.xcconfig */;
			buildSettings = {
				ASSETCATALOG_COMPILER_APPICON_NAME = AppIcon;
				CLANG_ANALYZER_NONNULL = YES;
				CODE_SIGN_IDENTITY = "-";
				COMBINE_HIDPI_IMAGES = YES;
				DEBUG_INFORMATION_FORMAT = dwarf;
				GCC_OPTIMIZATION_LEVEL = s;
				INFOPLIST_FILE = KDTree_OSX_Example/Info.plist;
				LD_RUNPATH_SEARCH_PATHS = "$(inherited) @executable_path/../Frameworks";
				MACOSX_DEPLOYMENT_TARGET = 10.11;
				PRODUCT_BUNDLE_IDENTIFIER = "org.cocoapods.demo.KDTree-OSX-Example";
				PRODUCT_NAME = "$(TARGET_NAME)";
				SDKROOT = macosx;
				SWIFT_OPTIMIZATION_LEVEL = "-Owholemodule";
				SWIFT_VERSION = 4.0;
			};
			name = Debug;
		};
		71C1B4781CD946BF005436C3 /* Release */ = {
			isa = XCBuildConfiguration;
			baseConfigurationReference = 49E6BEB256637DEA593F5DF6 /* Pods-KDTree_OSX_Example.release.xcconfig */;
			buildSettings = {
				ASSETCATALOG_COMPILER_APPICON_NAME = AppIcon;
				CLANG_ANALYZER_NONNULL = YES;
				CODE_SIGN_IDENTITY = "-";
				COMBINE_HIDPI_IMAGES = YES;
				INFOPLIST_FILE = KDTree_OSX_Example/Info.plist;
				LD_RUNPATH_SEARCH_PATHS = "$(inherited) @executable_path/../Frameworks";
				MACOSX_DEPLOYMENT_TARGET = 10.11;
				PRODUCT_BUNDLE_IDENTIFIER = "org.cocoapods.demo.KDTree-OSX-Example";
				PRODUCT_NAME = "$(TARGET_NAME)";
				SDKROOT = macosx;
				SWIFT_OPTIMIZATION_LEVEL = "-Owholemodule";
				SWIFT_VERSION = 4.0;
			};
			name = Release;
		};
		71C1B4791CD946BF005436C3 /* Debug */ = {
			isa = XCBuildConfiguration;
			baseConfigurationReference = D25A52DFB11E96373D87BD47 /* Pods-KDTree_OSX_ExampleTests.debug.xcconfig */;
			buildSettings = {
				BUNDLE_LOADER = "$(TEST_HOST)";
				CLANG_ANALYZER_NONNULL = YES;
				CODE_SIGN_IDENTITY = "-";
				COMBINE_HIDPI_IMAGES = YES;
				DEBUG_INFORMATION_FORMAT = dwarf;
				INFOPLIST_FILE = KDTree_OSX_ExampleTests/Info.plist;
				LD_RUNPATH_SEARCH_PATHS = "$(inherited) @executable_path/../Frameworks @loader_path/../Frameworks";
				MACOSX_DEPLOYMENT_TARGET = 10.11;
				PRODUCT_BUNDLE_IDENTIFIER = "de.konrad.KDTree-OSX-ExampleTests";
				PRODUCT_NAME = "$(TARGET_NAME)";
				SDKROOT = macosx;
				SWIFT_SWIFT3_OBJC_INFERENCE = Default;
				SWIFT_VERSION = 4.0;
				TEST_HOST = "$(BUILT_PRODUCTS_DIR)/KDTree_OSX_Example.app/Contents/MacOS/KDTree_OSX_Example";
			};
			name = Debug;
		};
		71C1B47A1CD946BF005436C3 /* Release */ = {
			isa = XCBuildConfiguration;
			baseConfigurationReference = F0A8F65F153DF33183ABF7A0 /* Pods-KDTree_OSX_ExampleTests.release.xcconfig */;
			buildSettings = {
				BUNDLE_LOADER = "$(TEST_HOST)";
				CLANG_ANALYZER_NONNULL = YES;
				CODE_SIGN_IDENTITY = "-";
				COMBINE_HIDPI_IMAGES = YES;
				INFOPLIST_FILE = KDTree_OSX_ExampleTests/Info.plist;
				LD_RUNPATH_SEARCH_PATHS = "$(inherited) @executable_path/../Frameworks @loader_path/../Frameworks";
				MACOSX_DEPLOYMENT_TARGET = 10.11;
				PRODUCT_BUNDLE_IDENTIFIER = "de.konrad.KDTree-OSX-ExampleTests";
				PRODUCT_NAME = "$(TARGET_NAME)";
				SDKROOT = macosx;
				SWIFT_OPTIMIZATION_LEVEL = "-Owholemodule";
				SWIFT_SWIFT3_OBJC_INFERENCE = Default;
				SWIFT_VERSION = 4.0;
				TEST_HOST = "$(BUILT_PRODUCTS_DIR)/KDTree_OSX_Example.app/Contents/MacOS/KDTree_OSX_Example";
			};
			name = Release;
		};
/* End XCBuildConfiguration section */

/* Begin XCConfigurationList section */
		607FACCB1AFB9204008FA782 /* Build configuration list for PBXProject "KDTree" */ = {
			isa = XCConfigurationList;
			buildConfigurations = (
				607FACED1AFB9204008FA782 /* Debug */,
				607FACEE1AFB9204008FA782 /* Release */,
			);
			defaultConfigurationIsVisible = 0;
			defaultConfigurationName = Release;
		};
		607FACEF1AFB9204008FA782 /* Build configuration list for PBXNativeTarget "KDTree_Example" */ = {
			isa = XCConfigurationList;
			buildConfigurations = (
				607FACF01AFB9204008FA782 /* Debug */,
				607FACF11AFB9204008FA782 /* Release */,
			);
			defaultConfigurationIsVisible = 0;
			defaultConfigurationName = Release;
		};
		607FACF21AFB9204008FA782 /* Build configuration list for PBXNativeTarget "KDTree_Tests" */ = {
			isa = XCConfigurationList;
			buildConfigurations = (
				607FACF31AFB9204008FA782 /* Debug */,
				607FACF41AFB9204008FA782 /* Release */,
			);
			defaultConfigurationIsVisible = 0;
			defaultConfigurationName = Release;
		};
		71C1B47B1CD946BF005436C3 /* Build configuration list for PBXNativeTarget "KDTree_OSX_Example" */ = {
			isa = XCConfigurationList;
			buildConfigurations = (
				71C1B4771CD946BF005436C3 /* Debug */,
				71C1B4781CD946BF005436C3 /* Release */,
			);
			defaultConfigurationIsVisible = 0;
			defaultConfigurationName = Release;
		};
		71C1B47C1CD946BF005436C3 /* Build configuration list for PBXNativeTarget "KDTree_OSX_ExampleTests" */ = {
			isa = XCConfigurationList;
			buildConfigurations = (
				71C1B4791CD946BF005436C3 /* Debug */,
				71C1B47A1CD946BF005436C3 /* Release */,
			);
			defaultConfigurationIsVisible = 0;
			defaultConfigurationName = Release;
		};
/* End XCConfigurationList section */
	};
	rootObject = 607FACC81AFB9204008FA782 /* Project object */;
}
